
Microsoft Visual Studio Solution File, Format Version 12.00
# Visual Studio Version 17
VisualStudioVersion = 17.14.36301.6
MinimumVisualStudioVersion = 10.0.40219.1
Project("{FAE04EC0-301F-11D3-BF4B-00C04F79EFBC}") = "WebApiShop", "WebApiShop\WebApiShop.csproj", "{5EA71059-2DB9-40E4-A3C8-FAF9749D6ADD}"
EndProject
Project("{FAE04EC0-301F-11D3-BF4B-00C04F79EFBC}") = "Entities", "Entities\Entities.csproj", "{A1D53AF2-DA37-4D8D-BE49-789630530B62}"
EndProject
Project("{FAE04EC0-301F-11D3-BF4B-00C04F79EFBC}") = "Repositories", "Repositories\Repositories.csproj", "{4C7BB223-5D21-4D0C-9B87-ACB8946384EC}"
EndProject
Project("{FAE04EC0-301F-11D3-BF4B-00C04F79EFBC}") = "Services", "Services\Services.csproj", "{1CB94B86-8096-4486-8EB0-D404C33C43CF}"
EndProject
Global
	GlobalSection(SolutionConfigurationPlatforms) = preSolution
		Debug|Any CPU = Debug|Any CPU
		Release|Any CPU = Release|Any CPU
	EndGlobalSection
	GlobalSection(ProjectConfigurationPlatforms) = postSolution
		{5EA71059-2DB9-40E4-A3C8-FAF9749D6ADD}.Debug|Any CPU.ActiveCfg = Debug|Any CPU
		{5EA71059-2DB9-40E4-A3C8-FAF9749D6ADD}.Debug|Any CPU.Build.0 = Debug|Any CPU
		{5EA71059-2DB9-40E4-A3C8-FAF9749D6ADD}.Release|Any CPU.ActiveCfg = Release|Any CPU
		{5EA71059-2DB9-40E4-A3C8-FAF9749D6ADD}.Release|Any CPU.Build.0 = Release|Any CPU
		{A1D53AF2-DA37-4D8D-BE49-789630530B62}.Debug|Any CPU.ActiveCfg = Debug|Any CPU
		{A1D53AF2-DA37-4D8D-BE49-789630530B62}.Debug|Any CPU.Build.0 = Debug|Any CPU
		{A1D53AF2-DA37-4D8D-BE49-789630530B62}.Release|Any CPU.ActiveCfg = Release|Any CPU
		{A1D53AF2-DA37-4D8D-BE49-789630530B62}.Release|Any CPU.Build.0 = Release|Any CPU
		{4C7BB223-5D21-4D0C-9B87-ACB8946384EC}.Debug|Any CPU.ActiveCfg = Debug|Any CPU
		{4C7BB223-5D21-4D0C-9B87-ACB8946384EC}.Debug|Any CPU.Build.0 = Debug|Any CPU
		{4C7BB223-5D21-4D0C-9B87-ACB8946384EC}.Release|Any CPU.ActiveCfg = Release|Any CPU
		{4C7BB223-5D21-4D0C-9B87-ACB8946384EC}.Release|Any CPU.Build.0 = Release|Any CPU
		{1CB94B86-8096-4486-8EB0-D404C33C43CF}.Debug|Any CPU.ActiveCfg = Debug|Any CPU
		{1CB94B86-8096-4486-8EB0-D404C33C43CF}.Debug|Any CPU.Build.0 = Debug|Any CPU
		{1CB94B86-8096-4486-8EB0-D404C33C43CF}.Release|Any CPU.ActiveCfg = Release|Any CPU
		{1CB94B86-8096-4486-8EB0-D404C33C43CF}.Release|Any CPU.Build.0 = Release|Any CPU
	EndGlobalSection
	GlobalSection(SolutionProperties) = preSolution
		HideSolutionNode = FALSE
	EndGlobalSection
	GlobalSection(ExtensibilityGlobals) = postSolution
		SolutionGuid = {FC4B9245-B0F6-40C2-93CF-8A11D9830495}
	EndGlobalSection
EndGlobal
